
Microsoft Visual Studio Solution File, Format Version 12.00
# Visual Studio Version 17
VisualStudioVersion = 17.0.32014.148
MinimumVisualStudioVersion = 10.0.40219.1
Project("{FAE04EC0-301F-11D3-BF4B-00C04F79EFBC}") = "Business", "Business\Business.csproj", "{8C48D0DE-85AE-405F-B6C7-35D75D0163F7}"
EndProject
Project("{FAE04EC0-301F-11D3-BF4B-00C04F79EFBC}") = "Application", "Application\Application.csproj", "{58E21605-029A-4BB4-AA45-53BA0026A00B}"
EndProject
Global
	GlobalSection(SolutionConfigurationPlatforms) = preSolution
		Debug|Any CPU = Debug|Any CPU
		Release|Any CPU = Release|Any CPU
	EndGlobalSection
	GlobalSection(ProjectConfigurationPlatforms) = postSolution
		{8C48D0DE-85AE-405F-B6C7-35D75D0163F7}.Debug|Any CPU.ActiveCfg = Debug|Any CPU
		{8C48D0DE-85AE-405F-B6C7-35D75D0163F7}.Debug|Any CPU.Build.0 = Debug|Any CPU
		{8C48D0DE-85AE-405F-B6C7-35D75D0163F7}.Release|Any CPU.ActiveCfg = Release|Any CPU
		{8C48D0DE-85AE-405F-B6C7-35D75D0163F7}.Release|Any CPU.Build.0 = Release|Any CPU
		{58E21605-029A-4BB4-AA45-53BA0026A00B}.Debug|Any CPU.ActiveCfg = Debug|Any CPU
		{58E21605-029A-4BB4-AA45-53BA0026A00B}.Debug|Any CPU.Build.0 = Debug|Any CPU
		{58E21605-029A-4BB4-AA45-53BA0026A00B}.Release|Any CPU.ActiveCfg = Release|Any CPU
		{58E21605-029A-4BB4-AA45-53BA0026A00B}.Release|Any CPU.Build.0 = Release|Any CPU
	EndGlobalSection
	GlobalSection(SolutionProperties) = preSolution
		HideSolutionNode = FALSE
	EndGlobalSection
	GlobalSection(ExtensibilityGlobals) = postSolution
		SolutionGuid = {108B5550-BE0D-4E46-BD60-A4F1ED72BE91}
	EndGlobalSection
EndGlobal
